// !$*UTF8*$!
{
	archiveVersion = 1;
	classes = {
	};
	objectVersion = 48;
	objects = {

/* Begin PBXBuildFile section */
		572F4E3C2258281E000E4FE2 /* AppDelegate.swift in Sources */ = {isa = PBXBuildFile; fileRef = 572F4E3B2258281E000E4FE2 /* AppDelegate.swift */; };
		572F4E3E2258281E000E4FE2 /* ViewController.swift in Sources */ = {isa = PBXBuildFile; fileRef = 572F4E3D2258281E000E4FE2 /* ViewController.swift */; };
		572F4E412258281E000E4FE2 /* Main.storyboard in Resources */ = {isa = PBXBuildFile; fileRef = 572F4E3F2258281E000E4FE2 /* Main.storyboard */; };
		572F4E432258281E000E4FE2 /* Assets.xcassets in Resources */ = {isa = PBXBuildFile; fileRef = 572F4E422258281E000E4FE2 /* Assets.xcassets */; };
		572F4E462258281E000E4FE2 /* LaunchScreen.storyboard in Resources */ = {isa = PBXBuildFile; fileRef = 572F4E442258281E000E4FE2 /* LaunchScreen.storyboard */; };
		572F4E4E2258288B000E4FE2 /* Item.swift in Sources */ = {isa = PBXBuildFile; fileRef = 572F4E4D2258288B000E4FE2 /* Item.swift */; };
		572F4E5022582931000E4FE2 /* Estabelecimento.swift in Sources */ = {isa = PBXBuildFile; fileRef = 572F4E4F22582931000E4FE2 /* Estabelecimento.swift */; };
/* End PBXBuildFile section */

/* Begin PBXFileReference section */
		572F4E382258281E000E4FE2 /* SerializeJSON.app */ = {isa = PBXFileReference; explicitFileType = wrapper.application; includeInIndex = 0; path = SerializeJSON.app; sourceTree = BUILT_PRODUCTS_DIR; };
		572F4E3B2258281E000E4FE2 /* AppDelegate.swift */ = {isa = PBXFileReference; lastKnownFileType = sourcecode.swift; path = AppDelegate.swift; sourceTree = "<group>"; };
		572F4E3D2258281E000E4FE2 /* ViewController.swift */ = {isa = PBXFileReference; lastKnownFileType = sourcecode.swift; path = ViewController.swift; sourceTree = "<group>"; };
		572F4E402258281E000E4FE2 /* Base */ = {isa = PBXFileReference; lastKnownFileType = file.storyboard; name = Base; path = Base.lproj/Main.storyboard; sourceTree = "<group>"; };
		572F4E422258281E000E4FE2 /* Assets.xcassets */ = {isa = PBXFileReference; lastKnownFileType = folder.assetcatalog; path = Assets.xcassets; sourceTree = "<group>"; };
		572F4E452258281E000E4FE2 /* Base */ = {isa = PBXFileReference; lastKnownFileType = file.storyboard; name = Base; path = Base.lproj/LaunchScreen.storyboard; sourceTree = "<group>"; };
		572F4E472258281E000E4FE2 /* Info.plist */ = {isa = PBXFileReference; lastKnownFileType = text.plist.xml; path = Info.plist; sourceTree = "<group>"; };
		572F4E4D2258288B000E4FE2 /* Item.swift */ = {isa = PBXFileReference; lastKnownFileType = sourcecode.swift; path = Item.swift; sourceTree = "<group>"; };
		572F4E4F22582931000E4FE2 /* Estabelecimento.swift */ = {isa = PBXFileReference; lastKnownFileType = sourcecode.swift; path = Estabelecimento.swift; sourceTree = "<group>"; };
/* End PBXFileReference section */

/* Begin PBXFrameworksBuildPhase section */
		572F4E352258281E000E4FE2 /* Frameworks */ = {
			isa = PBXFrameworksBuildPhase;
			buildActionMask = 2147483647;
			files = (
			);
			runOnlyForDeploymentPostprocessing = 0;
		};
/* End PBXFrameworksBuildPhase section */

/* Begin PBXGroup section */
		572F4E2F2258281E000E4FE2 = {
			isa = PBXGroup;
			children = (
				572F4E3A2258281E000E4FE2 /* SerializeJSON */,
				572F4E392258281E000E4FE2 /* Products */,
			);
			sourceTree = "<group>";
		};
		572F4E392258281E000E4FE2 /* Products */ = {
			isa = PBXGroup;
			children = (
				572F4E382258281E000E4FE2 /* SerializeJSON.app */,
			);
			name = Products;
			sourceTree = "<group>";
		};
		572F4E3A2258281E000E4FE2 /* SerializeJSON */ = {
			isa = PBXGroup;
			children = (
				572F4E3B2258281E000E4FE2 /* AppDelegate.swift */,
				572F4E3D2258281E000E4FE2 /* ViewController.swift */,
				572F4E3F2258281E000E4FE2 /* Main.storyboard */,
				572F4E422258281E000E4FE2 /* Assets.xcassets */,
				572F4E442258281E000E4FE2 /* LaunchScreen.storyboard */,
				572F4E472258281E000E4FE2 /* Info.plist */,
				572F4E4D2258288B000E4FE2 /* Item.swift */,
				572F4E4F22582931000E4FE2 /* Estabelecimento.swift */,
			);
			path = SerializeJSON;
			sourceTree = "<group>";
		};
/* End PBXGroup section */

/* Begin PBXNativeTarget section */
		572F4E372258281E000E4FE2 /* SerializeJSON */ = {
			isa = PBXNativeTarget;
			buildConfigurationList = 572F4E4A2258281E000E4FE2 /* Build configuration list for PBXNativeTarget "SerializeJSON" */;
			buildPhases = (
				572F4E342258281E000E4FE2 /* Sources */,
				572F4E352258281E000E4FE2 /* Frameworks */,
				572F4E362258281E000E4FE2 /* Resources */,
			);
			buildRules = (
			);
			dependencies = (
			);
			name = SerializeJSON;
			productName = SerializeJSON;
			productReference = 572F4E382258281E000E4FE2 /* SerializeJSON.app */;
			productType = "com.apple.product-type.application";
		};
/* End PBXNativeTarget section */

/* Begin PBXProject section */
		572F4E302258281E000E4FE2 /* Project object */ = {
			isa = PBXProject;
			attributes = {
				LastSwiftUpdateCheck = 0920;
				LastUpgradeCheck = 0920;
				ORGANIZATIONNAME = kaichiro;
				TargetAttributes = {
					572F4E372258281E000E4FE2 = {
						CreatedOnToolsVersion = 9.2;
						ProvisioningStyle = Automatic;
					};
				};
			};
			buildConfigurationList = 572F4E332258281E000E4FE2 /* Build configuration list for PBXProject "SerializeJSON" */;
			compatibilityVersion = "Xcode 8.0";
			developmentRegion = en;
			hasScannedForEncodings = 0;
			knownRegions = (
				en,
				Base,
			);
			mainGroup = 572F4E2F2258281E000E4FE2;
			productRefGroup = 572F4E392258281E000E4FE2 /* Products */;
			projectDirPath = "";
			projectRoot = "";
			targets = (
				572F4E372258281E000E4FE2 /* SerializeJSON */,
			);
		};
/* End PBXProject section */

/* Begin PBXResourcesBuildPhase section */
		572F4E362258281E000E4FE2 /* Resources */ = {
			isa = PBXResourcesBuildPhase;
			buildActionMask = 2147483647;
			files = (
				572F4E462258281E000E4FE2 /* LaunchScreen.storyboard in Resources */,
				572F4E432258281E000E4FE2 /* Assets.xcassets in Resources */,
				572F4E412258281E000E4FE2 /* Main.storyboard in Resources */,
			);
			runOnlyForDeploymentPostprocessing = 0;
		};
/* End PBXResourcesBuildPhase section */

/* Begin PBXSourcesBuildPhase section */
		572F4E342258281E000E4FE2 /* Sources */ = {
			isa = PBXSourcesBuildPhase;
			buildActionMask = 2147483647;
			files = (
				572F4E5022582931000E4FE2 /* Estabelecimento.swift in Sources */,
				572F4E3E2258281E000E4FE2 /* ViewController.swift in Sources */,
				572F4E4E2258288B000E4FE2 /* Item.swift in Sources */,
				572F4E3C2258281E000E4FE2 /* AppDelegate.swift in Sources */,
			);
			runOnlyForDeploymentPostprocessing = 0;
		};
/* End PBXSourcesBuildPhase section */

/* Begin PBXVariantGroup section */
		572F4E3F2258281E000E4FE2 /* Main.storyboard */ = {
			isa = PBXVariantGroup;
			children = (
				572F4E402258281E000E4FE2 /* Base */,
			);
			name = Main.storyboard;
			sourceTree = "<group>";
		};
		572F4E442258281E000E4FE2 /* LaunchScreen.storyboard */ = {
			isa = PBXVariantGroup;
			children = (
				572F4E452258281E000E4FE2 /* Base */,
			);
			name = LaunchScreen.storyboard;
			sourceTree = "<group>";
		};
/* End PBXVariantGroup section */

/* Begin XCBuildConfiguration section */
		572F4E482258281E000E4FE2 /* Debug */ = {
			isa = XCBuildConfiguration;
			buildSettings = {
				ALWAYS_SEARCH_USER_PATHS = NO;
				CLANG_ANALYZER_NONNULL = YES;
				CLANG_ANALYZER_NUMBER_OBJECT_CONVERSION = YES_AGGRESSIVE;
				CLANG_CXX_LANGUAGE_STANDARD = "gnu++14";
				CLANG_CXX_LIBRARY = "libc++";
				CLANG_ENABLE_MODULES = YES;
				CLANG_ENABLE_OBJC_ARC = YES;
				CLANG_WARN_BLOCK_CAPTURE_AUTORELEASING = YES;
				CLANG_WARN_BOOL_CONVERSION = YES;
				CLANG_WARN_COMMA = YES;
				CLANG_WARN_CONSTANT_CONVERSION = YES;
				CLANG_WARN_DIRECT_OBJC_ISA_USAGE = YES_ERROR;
				CLANG_WARN_DOCUMENTATION_COMMENTS = YES;
				CLANG_WARN_EMPTY_BODY = YES;
				CLANG_WARN_ENUM_CONVERSION = YES;
				CLANG_WARN_INFINITE_RECURSION = YES;
				CLANG_WARN_INT_CONVERSION = YES;
				CLANG_WARN_NON_LITERAL_NULL_CONVERSION = YES;
				CLANG_WARN_OBJC_LITERAL_CONVERSION = YES;
				CLANG_WARN_OBJC_ROOT_CLASS = YES_ERROR;
				CLANG_WARN_RANGE_LOOP_ANALYSIS = YES;
				CLANG_WARN_STRICT_PROTOTYPES = YES;
				CLANG_WARN_SUSPICIOUS_MOVE = YES;
				CLANG_WARN_UNGUARDED_AVAILABILITY = YES_AGGRESSIVE;
				CLANG_WARN_UNREACHABLE_CODE = YES;
				CLANG_WARN__DUPLICATE_METHOD_MATCH = YES;
				CODE_SIGN_IDENTITY = "iPhone Developer";
				COPY_PHASE_STRIP = NO;
				DEBUG_INFORMATION_FORMAT = dwarf;
				ENABLE_STRICT_OBJC_MSGSEND = YES;
				ENABLE_TESTABILITY = YES;
				GCC_C_LANGUAGE_STANDARD = gnu11;
				GCC_DYNAMIC_NO_PIC = NO;
				GCC_NO_COMMON_BLOCKS = YES;
				GCC_OPTIMIZATION_LEVEL = 0;
				GCC_PREPROCESSOR_DEFINITIONS = (
					"DEBUG=1",
					"$(inherited)",
				);
				GCC_WARN_64_TO_32_BIT_CONVERSION = YES;
				GCC_WARN_ABOUT_RETURN_TYPE = YES_ERROR;
				GCC_WARN_UNDECLARED_SELECTOR = YES;
				GCC_WARN_UNINITIALIZED_AUTOS = YES_AGGRESSIVE;
				GCC_WARN_UNUSED_FUNCTION = YES;
				GCC_WARN_UNUSED_VARIABLE = YES;
				IPHONEOS_DEPLOYMENT_TARGET = 11.2;
				MTL_ENABLE_DEBUG_INFO = YES;
				ONLY_ACTIVE_ARCH = YES;
				SDKROOT = iphoneos;
				SWIFT_ACTIVE_COMPILATION_CONDITIONS = DEBUG;
				SWIFT_OPTIMIZATION_LEVEL = "-Onone";
			};
			name = Debug;
		};
		572F4E492258281E000E4FE2 /* Release */ = {
			isa = XCBuildConfiguration;
			buildSettings = {
				ALWAYS_SEARCH_USER_PATHS = NO;
				CLANG_ANALYZER_NONNULL = YES;
				CLANG_ANALYZER_NUMBER_OBJECT_CONVERSION = YES_AGGRESSIVE;
				CLANG_CXX_LANGUAGE_STANDARD = "gnu++14";
				CLANG_CXX_LIBRARY = "libc++";
				CLANG_ENABLE_MODULES = YES;
				CLANG_ENABLE_OBJC_ARC = YES;
				CLANG_WARN_BLOCK_CAPTURE_AUTORELEASING = YES;
				CLANG_WARN_BOOL_CONVERSION = YES;
				CLANG_WARN_COMMA = YES;
				CLANG_WARN_CONSTANT_CONVERSION = YES;
				CLANG_WARN_DIRECT_OBJC_ISA_USAGE = YES_ERROR;
				CLANG_WARN_DOCUMENTATION_COMMENTS = YES;
				CLANG_WARN_EMPTY_BODY = YES;
				CLANG_WARN_ENUM_CONVERSION = YES;
				CLANG_WARN_INFINITE_RECURSION = YES;
				CLANG_WARN_INT_CONVERSION = YES;
				CLANG_WARN_NON_LITERAL_NULL_CONVERSION = YES;
				CLANG_WARN_OBJC_LITERAL_CONVERSION = YES;
				CLANG_WARN_OBJC_ROOT_CLASS = YES_ERROR;
				CLANG_WARN_RANGE_LOOP_ANALYSIS = YES;
				CLANG_WARN_STRICT_PROTOTYPES = YES;
				CLANG_WARN_SUSPICIOUS_MOVE = YES;
				CLANG_WARN_UNGUARDED_AVAILABILITY = YES_AGGRESSIVE;
				CLANG_WARN_UNREACHABLE_CODE = YES;
				CLANG_WARN__DUPLICATE_METHOD_MATCH = YES;
				CODE_SIGN_IDENTITY = "iPhone Developer";
				COPY_PHASE_STRIP = NO;
				DEBUG_INFORMATION_FORMAT = "dwarf-with-dsym";
				ENABLE_NS_ASSERTIONS = NO;
				ENABLE_STRICT_OBJC_MSGSEND = YES;
				GCC_C_LANGUAGE_STANDARD = gnu11;
				GCC_NO_COMMON_BLOCKS = YES;
				GCC_WARN_64_TO_32_BIT_CONVERSION = YES;
				GCC_WARN_ABOUT_RETURN_TYPE = YES_ERROR;
				GCC_WARN_UNDECLARED_SELECTOR = YES;
				GCC_WARN_UNINITIALIZED_AUTOS = YES_AGGRESSIVE;
				GCC_WARN_UNUSED_FUNCTION = YES;
				GCC_WARN_UNUSED_VARIABLE = YES;
				IPHONEOS_DEPLOYMENT_TARGET = 11.2;
				MTL_ENABLE_DEBUG_INFO = NO;
				SDKROOT = iphoneos;
				SWIFT_OPTIMIZATION_LEVEL = "-Owholemodule";
				VALIDATE_PRODUCT = YES;
			};
			name = Release;
		};
		572F4E4B2258281E000E4FE2 /* Debug */ = {
			isa = XCBuildConfiguration;
			buildSettings = {
				ASSETCATALOG_COMPILER_APPICON_NAME = AppIcon;
				CODE_SIGN_STYLE = Automatic;
				INFOPLIST_FILE = SerializeJSON/Info.plist;
				LD_RUNPATH_SEARCH_PATHS = "$(inherited) @executable_path/Frameworks";
				PRODUCT_BUNDLE_IDENTIFIER = kaichirofukuda.SerializeJSON;
				PRODUCT_NAME = "$(TARGET_NAME)";
				SWIFT_VERSION = 4.0;
				TARGETED_DEVICE_FAMILY = "1,2";
			};
			name = Debug;
		};
		572F4E4C2258281E000E4FE2 /* Release */ = {
			isa = XCBuildConfiguration;
			buildSettings = {
				ASSETCATALOG_COMPILER_APPICON_NAME = AppIcon;
				CODE_SIGN_STYLE = Automatic;
				INFOPLIST_FILE = SerializeJSON/Info.plist;
				LD_RUNPATH_SEARCH_PATHS = "$(inherited) @executable_path/Frameworks";
				PRODUCT_BUNDLE_IDENTIFIER = kaichirofukuda.SerializeJSON;
				PRODUCT_NAME = "$(TARGET_NAME)";
				SWIFT_VERSION = 4.0;
				TARGETED_DEVICE_FAMILY = "1,2";
			};
			name = Release;
		};
/* End XCBuildConfiguration section */

/* Begin XCConfigurationList section */
		572F4E332258281E000E4FE2 /* Build configuration list for PBXProject "SerializeJSON" */ = {
			isa = XCConfigurationList;
			buildConfigurations = (
				572F4E482258281E000E4FE2 /* Debug */,
				572F4E492258281E000E4FE2 /* Release */,
			);
			defaultConfigurationIsVisible = 0;
			defaultConfigurationName = Release;
		};
		572F4E4A2258281E000E4FE2 /* Build configuration list for PBXNativeTarget "SerializeJSON" */ = {
			isa = XCConfigurationList;
			buildConfigurations = (
				572F4E4B2258281E000E4FE2 /* Debug */,
				572F4E4C2258281E000E4FE2 /* Release */,
			);
			defaultConfigurationIsVisible = 0;
			defaultConfigurationName = Release;
		};
/* End XCConfigurationList section */
	};
	rootObject = 572F4E302258281E000E4FE2 /* Project object */;
}
